// !$*UTF8*$!
{
	archiveVersion = 1;
	classes = {
	};
	objectVersion = 50;
	objects = {

/* Begin PBXBuildFile section */
		D050646425784FA9007A4ABC /* AppDelegate.swift in Sources */ = {isa = PBXBuildFile; fileRef = D050646325784FA9007A4ABC /* AppDelegate.swift */; };
		D050646625784FA9007A4ABC /* SceneDelegate.swift in Sources */ = {isa = PBXBuildFile; fileRef = D050646525784FA9007A4ABC /* SceneDelegate.swift */; };
		D050646825784FA9007A4ABC /* ViewController.swift in Sources */ = {isa = PBXBuildFile; fileRef = D050646725784FA9007A4ABC /* ViewController.swift */; };
		D050646B25784FA9007A4ABC /* Main.storyboard in Resources */ = {isa = PBXBuildFile; fileRef = D050646925784FA9007A4ABC /* Main.storyboard */; };
		D050646D25784FAB007A4ABC /* Assets.xcassets in Resources */ = {isa = PBXBuildFile; fileRef = D050646C25784FAB007A4ABC /* Assets.xcassets */; };
		D050647025784FAB007A4ABC /* LaunchScreen.storyboard in Resources */ = {isa = PBXBuildFile; fileRef = D050646E25784FAB007A4ABC /* LaunchScreen.storyboard */; };
		D0506479257850A1007A4ABC /* MyActivityClassifier.mlmodel in Sources */ = {isa = PBXBuildFile; fileRef = D0506478257850A1007A4ABC /* MyActivityClassifier.mlmodel */; };
		D050647C25787CAF007A4ABC /* MyActivityClassifier1.mlmodel in Sources */ = {isa = PBXBuildFile; fileRef = D050647B25787CAF007A4ABC /* MyActivityClassifier1.mlmodel */; };
/* End PBXBuildFile section */

/* Begin PBXFileReference section */
		D050646025784FA9007A4ABC /* MyClassifier2.app */ = {isa = PBXFileReference; explicitFileType = wrapper.application; includeInIndex = 0; path = MyClassifier2.app; sourceTree = BUILT_PRODUCTS_DIR; };
		D050646325784FA9007A4ABC /* AppDelegate.swift */ = {isa = PBXFileReference; lastKnownFileType = sourcecode.swift; path = AppDelegate.swift; sourceTree = "<group>"; };
		D050646525784FA9007A4ABC /* SceneDelegate.swift */ = {isa = PBXFileReference; lastKnownFileType = sourcecode.swift; path = SceneDelegate.swift; sourceTree = "<group>"; };
		D050646725784FA9007A4ABC /* ViewController.swift */ = {isa = PBXFileReference; lastKnownFileType = sourcecode.swift; path = ViewController.swift; sourceTree = "<group>"; };
		D050646A25784FA9007A4ABC /* Base */ = {isa = PBXFileReference; lastKnownFileType = file.storyboard; name = Base; path = Base.lproj/Main.storyboard; sourceTree = "<group>"; };
		D050646C25784FAB007A4ABC /* Assets.xcassets */ = {isa = PBXFileReference; lastKnownFileType = folder.assetcatalog; path = Assets.xcassets; sourceTree = "<group>"; };
		D050646F25784FAB007A4ABC /* Base */ = {isa = PBXFileReference; lastKnownFileType = file.storyboard; name = Base; path = Base.lproj/LaunchScreen.storyboard; sourceTree = "<group>"; };
		D050647125784FAB007A4ABC /* Info.plist */ = {isa = PBXFileReference; lastKnownFileType = text.plist.xml; path = Info.plist; sourceTree = "<group>"; };
		D0506478257850A1007A4ABC /* MyActivityClassifier.mlmodel */ = {isa = PBXFileReference; lastKnownFileType = file.mlmodel; name = MyActivityClassifier.mlmodel; path = ../../MyActivityClassifier.mlmodel; sourceTree = "<group>"; };
		D050647B25787CAF007A4ABC /* MyActivityClassifier1.mlmodel */ = {isa = PBXFileReference; lastKnownFileType = file.mlmodel; name = MyActivityClassifier1.mlmodel; path = ../../MyActivityClassifier1.mlmodel; sourceTree = "<group>"; };
/* End PBXFileReference section */

/* Begin PBXFrameworksBuildPhase section */
		D050645D25784FA9007A4ABC /* Frameworks */ = {
			isa = PBXFrameworksBuildPhase;
			buildActionMask = 2147483647;
			files = (
			);
			runOnlyForDeploymentPostprocessing = 0;
		};
/* End PBXFrameworksBuildPhase section */

/* Begin PBXGroup section */
		D050645725784FA9007A4ABC = {
			isa = PBXGroup;
			children = (
				D050646225784FA9007A4ABC /* MyClassifier2 */,
				D050646125784FA9007A4ABC /* Products */,
			);
			sourceTree = "<group>";
		};
		D050646125784FA9007A4ABC /* Products */ = {
			isa = PBXGroup;
			children = (
				D050646025784FA9007A4ABC /* MyClassifier2.app */,
			);
			name = Products;
			sourceTree = "<group>";
		};
		D050646225784FA9007A4ABC /* MyClassifier2 */ = {
			isa = PBXGroup;
			children = (
				D050646325784FA9007A4ABC /* AppDelegate.swift */,
				D050646525784FA9007A4ABC /* SceneDelegate.swift */,
				D050646725784FA9007A4ABC /* ViewController.swift */,
				D050646925784FA9007A4ABC /* Main.storyboard */,
				D050646C25784FAB007A4ABC /* Assets.xcassets */,
				D050646E25784FAB007A4ABC /* LaunchScreen.storyboard */,
				D050647125784FAB007A4ABC /* Info.plist */,
				D0506478257850A1007A4ABC /* MyActivityClassifier.mlmodel */,
				D050647B25787CAF007A4ABC /* MyActivityClassifier1.mlmodel */,
			);
			path = MyClassifier2;
			sourceTree = "<group>";
		};
/* End PBXGroup section */

/* Begin PBXNativeTarget section */
		D050645F25784FA9007A4ABC /* MyClassifier2 */ = {
			isa = PBXNativeTarget;
			buildConfigurationList = D050647425784FAB007A4ABC /* Build configuration list for PBXNativeTarget "MyClassifier2" */;
			buildPhases = (
				D050645C25784FA9007A4ABC /* Sources */,
				D050645D25784FA9007A4ABC /* Frameworks */,
				D050645E25784FA9007A4ABC /* Resources */,
			);
			buildRules = (
			);
			dependencies = (
			);
			name = MyClassifier2;
			productName = MyClassifier2;
			productReference = D050646025784FA9007A4ABC /* MyClassifier2.app */;
			productType = "com.apple.product-type.application";
		};
/* End PBXNativeTarget section */

/* Begin PBXProject section */
		D050645825784FA9007A4ABC /* Project object */ = {
			isa = PBXProject;
			attributes = {
				LastSwiftUpdateCheck = 1200;
				LastUpgradeCheck = 1200;
				TargetAttributes = {
					D050645F25784FA9007A4ABC = {
						CreatedOnToolsVersion = 12.0.1;
					};
				};
			};
			buildConfigurationList = D050645B25784FA9007A4ABC /* Build configuration list for PBXProject "MyClassifier2" */;
			compatibilityVersion = "Xcode 9.3";
			developmentRegion = en;
			hasScannedForEncodings = 0;
			knownRegions = (
				en,
				Base,
			);
			mainGroup = D050645725784FA9007A4ABC;
			productRefGroup = D050646125784FA9007A4ABC /* Products */;
			projectDirPath = "";
			projectRoot = "";
			targets = (
				D050645F25784FA9007A4ABC /* MyClassifier2 */,
			);
		};
/* End PBXProject section */

/* Begin PBXResourcesBuildPhase section */
		D050645E25784FA9007A4ABC /* Resources */ = {
			isa = PBXResourcesBuildPhase;
			buildActionMask = 2147483647;
			files = (
				D050647025784FAB007A4ABC /* LaunchScreen.storyboard in Resources */,
				D050646D25784FAB007A4ABC /* Assets.xcassets in Resources */,
				D050646B25784FA9007A4ABC /* Main.storyboard in Resources */,
			);
			runOnlyForDeploymentPostprocessing = 0;
		};
/* End PBXResourcesBuildPhase section */

/* Begin PBXSourcesBuildPhase section */
		D050645C25784FA9007A4ABC /* Sources */ = {
			isa = PBXSourcesBuildPhase;
			buildActionMask = 2147483647;
			files = (
				D0506479257850A1007A4ABC /* MyActivityClassifier.mlmodel in Sources */,
				D050646825784FA9007A4ABC /* ViewController.swift in Sources */,
				D050646425784FA9007A4ABC /* AppDelegate.swift in Sources */,
				D050647C25787CAF007A4ABC /* MyActivityClassifier1.mlmodel in Sources */,
				D050646625784FA9007A4ABC /* SceneDelegate.swift in Sources */,
			);
			runOnlyForDeploymentPostprocessing = 0;
		};
/* End PBXSourcesBuildPhase section */

/* Begin PBXVariantGroup section */
		D050646925784FA9007A4ABC /* Main.storyboard */ = {
			isa = PBXVariantGroup;
			children = (
				D050646A25784FA9007A4ABC /* Base */,
			);
			name = Main.storyboard;
			sourceTree = "<group>";
		};
		D050646E25784FAB007A4ABC /* LaunchScreen.storyboard */ = {
			isa = PBXVariantGroup;
			children = (
				D050646F25784FAB007A4ABC /* Base */,
			);
			name = LaunchScreen.storyboard;
			sourceTree = "<group>";
		};
/* End PBXVariantGroup section */

/* Begin XCBuildConfiguration section */
		D050647225784FAB007A4ABC /* Debug */ = {
			isa = XCBuildConfiguration;
			buildSettings = {
				ALWAYS_SEARCH_USER_PATHS = NO;
				CLANG_ANALYZER_NONNULL = YES;
				CLANG_ANALYZER_NUMBER_OBJECT_CONVERSION = YES_AGGRESSIVE;
				CLANG_CXX_LANGUAGE_STANDARD = "gnu++14";
				CLANG_CXX_LIBRARY = "libc++";
				CLANG_ENABLE_MODULES = YES;
				CLANG_ENABLE_OBJC_ARC = YES;
				CLANG_ENABLE_OBJC_WEAK = YES;
				CLANG_WARN_BLOCK_CAPTURE_AUTORELEASING = YES;
				CLANG_WARN_BOOL_CONVERSION = YES;
				CLANG_WARN_COMMA = YES;
				CLANG_WARN_CONSTANT_CONVERSION = YES;
				CLANG_WARN_DEPRECATED_OBJC_IMPLEMENTATIONS = YES;
				CLANG_WARN_DIRECT_OBJC_ISA_USAGE = YES_ERROR;
				CLANG_WARN_DOCUMENTATION_COMMENTS = YES;
				CLANG_WARN_EMPTY_BODY = YES;
				CLANG_WARN_ENUM_CONVERSION = YES;
				CLANG_WARN_INFINITE_RECURSION = YES;
				CLANG_WARN_INT_CONVERSION = YES;
				CLANG_WARN_NON_LITERAL_NULL_CONVERSION = YES;
				CLANG_WARN_OBJC_IMPLICIT_RETAIN_SELF = YES;
				CLANG_WARN_OBJC_LITERAL_CONVERSION = YES;
				CLANG_WARN_OBJC_ROOT_CLASS = YES_ERROR;
				CLANG_WARN_QUOTED_INCLUDE_IN_FRAMEWORK_HEADER = YES;
				CLANG_WARN_RANGE_LOOP_ANALYSIS = YES;
				CLANG_WARN_STRICT_PROTOTYPES = YES;
				CLANG_WARN_SUSPICIOUS_MOVE = YES;
				CLANG_WARN_UNGUARDED_AVAILABILITY = YES_AGGRESSIVE;
				CLANG_WARN_UNREACHABLE_CODE = YES;
				CLANG_WARN__DUPLICATE_METHOD_MATCH = YES;
				COPY_PHASE_STRIP = NO;
				DEBUG_INFORMATION_FORMAT = dwarf;
				ENABLE_STRICT_OBJC_MSGSEND = YES;
				ENABLE_TESTABILITY = YES;
				GCC_C_LANGUAGE_STANDARD = gnu11;
				GCC_DYNAMIC_NO_PIC = NO;
				GCC_NO_COMMON_BLOCKS = YES;
				GCC_OPTIMIZATION_LEVEL = 0;
				GCC_PREPROCESSOR_DEFINITIONS = (
					"DEBUG=1",
					"$(inherited)",
				);
				GCC_WARN_64_TO_32_BIT_CONVERSION = YES;
				GCC_WARN_ABOUT_RETURN_TYPE = YES_ERROR;
				GCC_WARN_UNDECLARED_SELECTOR = YES;
				GCC_WARN_UNINITIALIZED_AUTOS = YES_AGGRESSIVE;
				GCC_WARN_UNUSED_FUNCTION = YES;
				GCC_WARN_UNUSED_VARIABLE = YES;
				IPHONEOS_DEPLOYMENT_TARGET = 14.0;
				MTL_ENABLE_DEBUG_INFO = INCLUDE_SOURCE;
				MTL_FAST_MATH = YES;
				ONLY_ACTIVE_ARCH = YES;
				SDKROOT = iphoneos;
				SWIFT_ACTIVE_COMPILATION_CONDITIONS = DEBUG;
				SWIFT_OPTIMIZATION_LEVEL = "-Onone";
			};
			name = Debug;
		};
		D050647325784FAB007A4ABC /* Release */ = {
			isa = XCBuildConfiguration;
			buildSettings = {
				ALWAYS_SEARCH_USER_PATHS = NO;
				CLANG_ANALYZER_NONNULL = YES;
				CLANG_ANALYZER_NUMBER_OBJECT_CONVERSION = YES_AGGRESSIVE;
				CLANG_CXX_LANGUAGE_STANDARD = "gnu++14";
				CLANG_CXX_LIBRARY = "libc++";
				CLANG_ENABLE_MODULES = YES;
				CLANG_ENABLE_OBJC_ARC = YES;
				CLANG_ENABLE_OBJC_WEAK = YES;
				CLANG_WARN_BLOCK_CAPTURE_AUTORELEASING = YES;
				CLANG_WARN_BOOL_CONVERSION = YES;
				CLANG_WARN_COMMA = YES;
				CLANG_WARN_CONSTANT_CONVERSION = YES;
				CLANG_WARN_DEPRECATED_OBJC_IMPLEMENTATIONS = YES;
				CLANG_WARN_DIRECT_OBJC_ISA_USAGE = YES_ERROR;
				CLANG_WARN_DOCUMENTATION_COMMENTS = YES;
				CLANG_WARN_EMPTY_BODY = YES;
				CLANG_WARN_ENUM_CONVERSION = YES;
				CLANG_WARN_INFINITE_RECURSION = YES;
				CLANG_WARN_INT_CONVERSION = YES;
				CLANG_WARN_NON_LITERAL_NULL_CONVERSION = YES;
				CLANG_WARN_OBJC_IMPLICIT_RETAIN_SELF = YES;
				CLANG_WARN_OBJC_LITERAL_CONVERSION = YES;
				CLANG_WARN_OBJC_ROOT_CLASS = YES_ERROR;
				CLANG_WARN_QUOTED_INCLUDE_IN_FRAMEWORK_HEADER = YES;
				CLANG_WARN_RANGE_LOOP_ANALYSIS = YES;
				CLANG_WARN_STRICT_PROTOTYPES = YES;
				CLANG_WARN_SUSPICIOUS_MOVE = YES;
				CLANG_WARN_UNGUARDED_AVAILABILITY = YES_AGGRESSIVE;
				CLANG_WARN_UNREACHABLE_CODE = YES;
				CLANG_WARN__DUPLICATE_METHOD_MATCH = YES;
				COPY_PHASE_STRIP = NO;
				DEBUG_INFORMATION_FORMAT = "dwarf-with-dsym";
				ENABLE_NS_ASSERTIONS = NO;
				ENABLE_STRICT_OBJC_MSGSEND = YES;
				GCC_C_LANGUAGE_STANDARD = gnu11;
				GCC_NO_COMMON_BLOCKS = YES;
				GCC_WARN_64_TO_32_BIT_CONVERSION = YES;
				GCC_WARN_ABOUT_RETURN_TYPE = YES_ERROR;
				GCC_WARN_UNDECLARED_SELECTOR = YES;
				GCC_WARN_UNINITIALIZED_AUTOS = YES_AGGRESSIVE;
				GCC_WARN_UNUSED_FUNCTION = YES;
				GCC_WARN_UNUSED_VARIABLE = YES;
				IPHONEOS_DEPLOYMENT_TARGET = 14.0;
				MTL_ENABLE_DEBUG_INFO = NO;
				MTL_FAST_MATH = YES;
				SDKROOT = iphoneos;
				SWIFT_COMPILATION_MODE = wholemodule;
				SWIFT_OPTIMIZATION_LEVEL = "-O";
				VALIDATE_PRODUCT = YES;
			};
			name = Release;
		};
		D050647525784FAB007A4ABC /* Debug */ = {
			isa = XCBuildConfiguration;
			buildSettings = {
				ASSETCATALOG_COMPILER_APPICON_NAME = AppIcon;
				ASSETCATALOG_COMPILER_GLOBAL_ACCENT_COLOR_NAME = AccentColor;
				CODE_SIGN_STYLE = Automatic;
				DEVELOPMENT_TEAM = PQ8P3C3A8M;
				INFOPLIST_FILE = MyClassifier2/Info.plist;
				LD_RUNPATH_SEARCH_PATHS = (
					"$(inherited)",
					"@executable_path/Frameworks",
				);
				PRODUCT_BUNDLE_IDENTIFIER = com.dogsunite.MyClassifier2;
				PRODUCT_NAME = "$(TARGET_NAME)";
				SWIFT_VERSION = 5.0;
				TARGETED_DEVICE_FAMILY = "1,2";
			};
			name = Debug;
		};
		D050647625784FAB007A4ABC /* Release */ = {
			isa = XCBuildConfiguration;
			buildSettings = {
				ASSETCATALOG_COMPILER_APPICON_NAME = AppIcon;
				ASSETCATALOG_COMPILER_GLOBAL_ACCENT_COLOR_NAME = AccentColor;
				CODE_SIGN_STYLE = Automatic;
				DEVELOPMENT_TEAM = PQ8P3C3A8M;
				INFOPLIST_FILE = MyClassifier2/Info.plist;
				LD_RUNPATH_SEARCH_PATHS = (
					"$(inherited)",
					"@executable_path/Frameworks",
				);
				PRODUCT_BUNDLE_IDENTIFIER = com.dogsunite.MyClassifier2;
				PRODUCT_NAME = "$(TARGET_NAME)";
				SWIFT_VERSION = 5.0;
				TARGETED_DEVICE_FAMILY = "1,2";
			};
			name = Release;
		};
/* End XCBuildConfiguration section */

/* Begin XCConfigurationList section */
		D050645B25784FA9007A4ABC /* Build configuration list for PBXProject "MyClassifier2" */ = {
			isa = XCConfigurationList;
			buildConfigurations = (
				D050647225784FAB007A4ABC /* Debug */,
				D050647325784FAB007A4ABC /* Release */,
			);
			defaultConfigurationIsVisible = 0;
			defaultConfigurationName = Release;
		};
		D050647425784FAB007A4ABC /* Build configuration list for PBXNativeTarget "MyClassifier2" */ = {
			isa = XCConfigurationList;
			buildConfigurations = (
				D050647525784FAB007A4ABC /* Debug */,
				D050647625784FAB007A4ABC /* Release */,
			);
			defaultConfigurationIsVisible = 0;
			defaultConfigurationName = Release;
		};
/* End XCConfigurationList section */
	};
	rootObject = D050645825784FA9007A4ABC /* Project object */;
}
